
Microsoft Visual Studio Solution File, Format Version 12.00
# Visual Studio Version 16
VisualStudioVersion = 16.0.29709.97
MinimumVisualStudioVersion = 10.0.40219.1
Project("{FAE04EC0-301F-11D3-BF4B-00C04F79EFBC}") = "Dog", "Dog\Dog.csproj", "{4C2BD86A-88B4-4ED4-9AB8-CD62062E4243}"
EndProject
Global
	GlobalSection(SolutionConfigurationPlatforms) = preSolution
		Debug|Any CPU = Debug|Any CPU
		Release|Any CPU = Release|Any CPU
	EndGlobalSection
	GlobalSection(ProjectConfigurationPlatforms) = postSolution
		{4C2BD86A-88B4-4ED4-9AB8-CD62062E4243}.Debug|Any CPU.ActiveCfg = Debug|Any CPU
		{4C2BD86A-88B4-4ED4-9AB8-CD62062E4243}.Debug|Any CPU.Build.0 = Debug|Any CPU
		{4C2BD86A-88B4-4ED4-9AB8-CD62062E4243}.Release|Any CPU.ActiveCfg = Release|Any CPU
		{4C2BD86A-88B4-4ED4-9AB8-CD62062E4243}.Release|Any CPU.Build.0 = Release|Any CPU
	EndGlobalSection
	GlobalSection(SolutionProperties) = preSolution
		HideSolutionNode = FALSE
	EndGlobalSection
	GlobalSection(ExtensibilityGlobals) = postSolution
		SolutionGuid = {0C0662F8-FA9D-4B93-A185-7F491BD6BC5F}
	EndGlobalSection
EndGlobal
